
Microsoft Visual Studio Solution File, Format Version 12.00
# Visual Studio Version 17
VisualStudioVersion = 17.4.33103.184
MinimumVisualStudioVersion = 10.0.40219.1
Project("{FAE04EC0-301F-11D3-BF4B-00C04F79EFBC}") = "M31", "M31\M31.csproj", "{45B3E4DB-2BD5-4B9E-BFA5-B5927F019EF2}"
EndProject
Global
	GlobalSection(SolutionConfigurationPlatforms) = preSolution
		Debug|Any CPU = Debug|Any CPU
		Release|Any CPU = Release|Any CPU
	EndGlobalSection
	GlobalSection(ProjectConfigurationPlatforms) = postSolution
		{45B3E4DB-2BD5-4B9E-BFA5-B5927F019EF2}.Debug|Any CPU.ActiveCfg = Debug|Any CPU
		{45B3E4DB-2BD5-4B9E-BFA5-B5927F019EF2}.Debug|Any CPU.Build.0 = Debug|Any CPU
		{45B3E4DB-2BD5-4B9E-BFA5-B5927F019EF2}.Release|Any CPU.ActiveCfg = Release|Any CPU
		{45B3E4DB-2BD5-4B9E-BFA5-B5927F019EF2}.Release|Any CPU.Build.0 = Release|Any CPU
	EndGlobalSection
	GlobalSection(SolutionProperties) = preSolution
		HideSolutionNode = FALSE
	EndGlobalSection
	GlobalSection(ExtensibilityGlobals) = postSolution
		SolutionGuid = {785AEB22-5168-45F1-9080-C1546B170101}
	EndGlobalSection
EndGlobal
